// !$*UTF8*$!
{
	archiveVersion = 1;
	classes = {
	};
	objectVersion = 50;
	objects = {

/* Begin PBXBuildFile section */
		98613EFA2354E116005CBA66 /* Player.swift in Sources */ = {isa = PBXBuildFile; fileRef = 98613EF92354E116005CBA66 /* Player.swift */; };
		BF0DA30D2354E8D1005A4A26 /* TestInputElement.swift in Sources */ = {isa = PBXBuildFile; fileRef = BF0DA30C2354E8D1005A4A26 /* TestInputElement.swift */; };
		BF0DA30F2354F617005A4A26 /* TestElement.swift in Sources */ = {isa = PBXBuildFile; fileRef = BF0DA30E2354F617005A4A26 /* TestElement.swift */; };
		BF0DA31123550FED005A4A26 /* TestInputTypes.swift in Sources */ = {isa = PBXBuildFile; fileRef = BF0DA31023550FED005A4A26 /* TestInputTypes.swift */; };
		BF1968F623556B23004E25B0 /* AntlineType.swift in Sources */ = {isa = PBXBuildFile; fileRef = BF1968F523556B23004E25B0 /* AntlineType.swift */; };
		BF1968F923556B5A004E25B0 /* Testchamber.swift in Sources */ = {isa = PBXBuildFile; fileRef = BF1968F823556B5A004E25B0 /* Testchamber.swift */; };
		BF1ABC74234E78040095E5DC /* AppDelegate.swift in Sources */ = {isa = PBXBuildFile; fileRef = BF1ABC73234E78040095E5DC /* AppDelegate.swift */; };
		BF1ABC7C234E78040095E5DC /* ViewController.swift in Sources */ = {isa = PBXBuildFile; fileRef = BF1ABC7B234E78040095E5DC /* ViewController.swift */; };
		BF1ABC7E234E78090095E5DC /* Assets.xcassets in Resources */ = {isa = PBXBuildFile; fileRef = BF1ABC7D234E78090095E5DC /* Assets.xcassets */; };
		BF1ABC81234E78090095E5DC /* Main.storyboard in Resources */ = {isa = PBXBuildFile; fileRef = BF1ABC7F234E78090095E5DC /* Main.storyboard */; };
		BF1ABC8B234E78D50095E5DC /* CONTRIBUTING.md in Resources */ = {isa = PBXBuildFile; fileRef = BF1ABC89234E78D50095E5DC /* CONTRIBUTING.md */; };
		BF1ABC8C234E78D50095E5DC /* README.md in Resources */ = {isa = PBXBuildFile; fileRef = BF1ABC8A234E78D50095E5DC /* README.md */; };
		BF286CE52358B2F300542A19 /* TestWeightedStorageCubeElement.swift in Sources */ = {isa = PBXBuildFile; fileRef = BF286CE42358B2F300542A19 /* TestWeightedStorageCubeElement.swift */; };
		BF5C17D2235398500026C1C2 /* Sample.sks in Resources */ = {isa = PBXBuildFile; fileRef = BF5C17D1235398500026C1C2 /* Sample.sks */; };
		BF79949923565F1E006F95C3 /* TestWeightedButtonElement.swift in Sources */ = {isa = PBXBuildFile; fileRef = BF79949823565F1E006F95C3 /* TestWeightedButtonElement.swift */; };
		BF79949D2356628F006F95C3 /* TestOutputElement.swift in Sources */ = {isa = PBXBuildFile; fileRef = BF79949C2356628F006F95C3 /* TestOutputElement.swift */; };
		BF7994A4235667F6006F95C3 /* TestAntlineElement.swift in Sources */ = {isa = PBXBuildFile; fileRef = BF7994A3235667F6006F95C3 /* TestAntlineElement.swift */; };
		BF7994A623566BD7006F95C3 /* TestDoorElement.swift in Sources */ = {isa = PBXBuildFile; fileRef = BF7994A523566BD7006F95C3 /* TestDoorElement.swift */; };
		BFAFB7A92353C9D0008249FC /* TestchamberScene.swift in Sources */ = {isa = PBXBuildFile; fileRef = BFAFB7A82353C9D0008249FC /* TestchamberScene.swift */; };
		BFBDCF5423538DBD005A5E20 /* Tilemap.sks in Resources */ = {isa = PBXBuildFile; fileRef = BFBDCF5323538DBD005A5E20 /* Tilemap.sks */; };
		BFC272E62357794600139E30 /* TestWeightedElement.swift in Sources */ = {isa = PBXBuildFile; fileRef = BFC272E52357794600139E30 /* TestWeightedElement.swift */; };
		BFD2A758235B8AF8005D00EC /* TestDeadlyElement.swift in Sources */ = {isa = PBXBuildFile; fileRef = BFD2A757235B8AF8005D00EC /* TestDeadlyElement.swift */; };
		BFD2A75A235B8E4C005D00EC /* TestGooElement.swift in Sources */ = {isa = PBXBuildFile; fileRef = BFD2A759235B8E4C005D00EC /* TestGooElement.swift */; };
		BFD2A764235CCA5F005D00EC /* Dead.sks in Resources */ = {isa = PBXBuildFile; fileRef = BFD2A763235CCA5F005D00EC /* Dead.sks */; };
		BFD2A766235CCD67005D00EC /* UIScene.swift in Sources */ = {isa = PBXBuildFile; fileRef = BFD2A765235CCD67005D00EC /* UIScene.swift */; };
		BFD2A769235CD02D005D00EC /* DeadUIScene.swift in Sources */ = {isa = PBXBuildFile; fileRef = BFD2A768235CD02D005D00EC /* DeadUIScene.swift */; };
		BFD9E168235A1CF700FD688E /* TestPedestalButtonElement.swift in Sources */ = {isa = PBXBuildFile; fileRef = BFD9E167235A1CF700FD688E /* TestPedestalButtonElement.swift */; };
		BFD9E16A235A38ED00FD688E /* TestCubeSpawnerElement.swift in Sources */ = {isa = PBXBuildFile; fileRef = BFD9E169235A38ED00FD688E /* TestCubeSpawnerElement.swift */; };
		BFD9E16D235A546300FD688E /* Vaporize.sks in Resources */ = {isa = PBXBuildFile; fileRef = BFD9E16C235A546300FD688E /* Vaporize.sks */; };
		BFD9E16F235A552900FD688E /* VaporizeTest.sks in Resources */ = {isa = PBXBuildFile; fileRef = BFD9E16E235A552900FD688E /* VaporizeTest.sks */; };
/* End PBXBuildFile section */

/* Begin PBXFileReference section */
		98613EF92354E116005CBA66 /* Player.swift */ = {isa = PBXFileReference; lastKnownFileType = sourcecode.swift; path = Player.swift; sourceTree = "<group>"; };
		BF0DA30C2354E8D1005A4A26 /* TestInputElement.swift */ = {isa = PBXFileReference; lastKnownFileType = sourcecode.swift; path = TestInputElement.swift; sourceTree = "<group>"; };
		BF0DA30E2354F617005A4A26 /* TestElement.swift */ = {isa = PBXFileReference; lastKnownFileType = sourcecode.swift; path = TestElement.swift; sourceTree = "<group>"; };
		BF0DA31023550FED005A4A26 /* TestInputTypes.swift */ = {isa = PBXFileReference; lastKnownFileType = sourcecode.swift; path = TestInputTypes.swift; sourceTree = "<group>"; };
		BF1968F523556B23004E25B0 /* AntlineType.swift */ = {isa = PBXFileReference; lastKnownFileType = sourcecode.swift; path = AntlineType.swift; sourceTree = "<group>"; };
		BF1968F823556B5A004E25B0 /* Testchamber.swift */ = {isa = PBXFileReference; lastKnownFileType = sourcecode.swift; path = Testchamber.swift; sourceTree = "<group>"; };
		BF1ABC70234E78040095E5DC /* Portals in Cupertino.app */ = {isa = PBXFileReference; explicitFileType = wrapper.application; includeInIndex = 0; path = "Portals in Cupertino.app"; sourceTree = BUILT_PRODUCTS_DIR; };
		BF1ABC73234E78040095E5DC /* AppDelegate.swift */ = {isa = PBXFileReference; lastKnownFileType = sourcecode.swift; path = AppDelegate.swift; sourceTree = "<group>"; };
		BF1ABC7B234E78040095E5DC /* ViewController.swift */ = {isa = PBXFileReference; lastKnownFileType = sourcecode.swift; path = ViewController.swift; sourceTree = "<group>"; };
		BF1ABC7D234E78090095E5DC /* Assets.xcassets */ = {isa = PBXFileReference; lastKnownFileType = folder.assetcatalog; path = Assets.xcassets; sourceTree = "<group>"; };
		BF1ABC80234E78090095E5DC /* Base */ = {isa = PBXFileReference; lastKnownFileType = file.storyboard; name = Base; path = Base.lproj/Main.storyboard; sourceTree = "<group>"; };
		BF1ABC82234E78090095E5DC /* Info.plist */ = {isa = PBXFileReference; lastKnownFileType = text.plist.xml; path = Info.plist; sourceTree = "<group>"; };
		BF1ABC83234E78090095E5DC /* Portals_in_Cupertino.entitlements */ = {isa = PBXFileReference; lastKnownFileType = text.plist.entitlements; path = Portals_in_Cupertino.entitlements; sourceTree = "<group>"; };
		BF1ABC89234E78D50095E5DC /* CONTRIBUTING.md */ = {isa = PBXFileReference; fileEncoding = 4; lastKnownFileType = net.daringfireball.markdown; path = CONTRIBUTING.md; sourceTree = "<group>"; };
		BF1ABC8A234E78D50095E5DC /* README.md */ = {isa = PBXFileReference; fileEncoding = 4; lastKnownFileType = net.daringfireball.markdown; path = README.md; sourceTree = "<group>"; };
		BF286CE42358B2F300542A19 /* TestWeightedStorageCubeElement.swift */ = {isa = PBXFileReference; lastKnownFileType = sourcecode.swift; path = TestWeightedStorageCubeElement.swift; sourceTree = "<group>"; };
		BF5C17D1235398500026C1C2 /* Sample.sks */ = {isa = PBXFileReference; lastKnownFileType = file.sks; path = Sample.sks; sourceTree = "<group>"; };
		BF79949823565F1E006F95C3 /* TestWeightedButtonElement.swift */ = {isa = PBXFileReference; lastKnownFileType = sourcecode.swift; path = TestWeightedButtonElement.swift; sourceTree = "<group>"; };
		BF79949C2356628F006F95C3 /* TestOutputElement.swift */ = {isa = PBXFileReference; lastKnownFileType = sourcecode.swift; path = TestOutputElement.swift; sourceTree = "<group>"; };
		BF7994A3235667F6006F95C3 /* TestAntlineElement.swift */ = {isa = PBXFileReference; lastKnownFileType = sourcecode.swift; path = TestAntlineElement.swift; sourceTree = "<group>"; };
		BF7994A523566BD7006F95C3 /* TestDoorElement.swift */ = {isa = PBXFileReference; lastKnownFileType = sourcecode.swift; path = TestDoorElement.swift; sourceTree = "<group>"; };
		BFAFB7A82353C9D0008249FC /* TestchamberScene.swift */ = {isa = PBXFileReference; lastKnownFileType = sourcecode.swift; path = TestchamberScene.swift; sourceTree = "<group>"; };
		BFBDCF5323538DBD005A5E20 /* Tilemap.sks */ = {isa = PBXFileReference; lastKnownFileType = file.sks; path = Tilemap.sks; sourceTree = "<group>"; };
		BFC272E52357794600139E30 /* TestWeightedElement.swift */ = {isa = PBXFileReference; lastKnownFileType = sourcecode.swift; path = TestWeightedElement.swift; sourceTree = "<group>"; };
		BFD2A757235B8AF8005D00EC /* TestDeadlyElement.swift */ = {isa = PBXFileReference; lastKnownFileType = sourcecode.swift; path = TestDeadlyElement.swift; sourceTree = "<group>"; };
		BFD2A759235B8E4C005D00EC /* TestGooElement.swift */ = {isa = PBXFileReference; lastKnownFileType = sourcecode.swift; path = TestGooElement.swift; sourceTree = "<group>"; };
		BFD2A763235CCA5F005D00EC /* Dead.sks */ = {isa = PBXFileReference; lastKnownFileType = file.sks; path = Dead.sks; sourceTree = "<group>"; };
		BFD2A765235CCD67005D00EC /* UIScene.swift */ = {isa = PBXFileReference; lastKnownFileType = sourcecode.swift; path = UIScene.swift; sourceTree = "<group>"; };
		BFD2A768235CD02D005D00EC /* DeadUIScene.swift */ = {isa = PBXFileReference; lastKnownFileType = sourcecode.swift; path = DeadUIScene.swift; sourceTree = "<group>"; };
		BFD9E167235A1CF700FD688E /* TestPedestalButtonElement.swift */ = {isa = PBXFileReference; lastKnownFileType = sourcecode.swift; path = TestPedestalButtonElement.swift; sourceTree = "<group>"; };
		BFD9E169235A38ED00FD688E /* TestCubeSpawnerElement.swift */ = {isa = PBXFileReference; lastKnownFileType = sourcecode.swift; path = TestCubeSpawnerElement.swift; sourceTree = "<group>"; };
		BFD9E16C235A546300FD688E /* Vaporize.sks */ = {isa = PBXFileReference; lastKnownFileType = file.sks; path = Vaporize.sks; sourceTree = "<group>"; };
		BFD9E16E235A552900FD688E /* VaporizeTest.sks */ = {isa = PBXFileReference; lastKnownFileType = file.sks; path = VaporizeTest.sks; sourceTree = "<group>"; };
/* End PBXFileReference section */

/* Begin PBXFrameworksBuildPhase section */
		BF1ABC6D234E78040095E5DC /* Frameworks */ = {
			isa = PBXFrameworksBuildPhase;
			buildActionMask = 2147483647;
			files = (
			);
			runOnlyForDeploymentPostprocessing = 0;
		};
/* End PBXFrameworksBuildPhase section */

/* Begin PBXGroup section */
		BF1968F723556B4F004E25B0 /* Structs */ = {
			isa = PBXGroup;
			children = (
				BF1968F823556B5A004E25B0 /* Testchamber.swift */,
			);
			path = Structs;
			sourceTree = "<group>";
		};
		BF1ABC67234E78040095E5DC = {
			isa = PBXGroup;
			children = (
				BF1ABC89234E78D50095E5DC /* CONTRIBUTING.md */,
				BF1ABC8A234E78D50095E5DC /* README.md */,
				BF1ABC72234E78040095E5DC /* Portals in Cupertino */,
				BF1ABC71234E78040095E5DC /* Products */,
			);
			sourceTree = "<group>";
		};
		BF1ABC71234E78040095E5DC /* Products */ = {
			isa = PBXGroup;
			children = (
				BF1ABC70234E78040095E5DC /* Portals in Cupertino.app */,
			);
			name = Products;
			sourceTree = "<group>";
		};
		BF1ABC72234E78040095E5DC /* Portals in Cupertino */ = {
			isa = PBXGroup;
			children = (
				BFD2A762235CCA41005D00EC /* Scenes */,
				BFD9E16B235A545400FD688E /* Actions */,
				BF1968F723556B4F004E25B0 /* Structs */,
				BFAFB7AC2354117E008249FC /* Enums */,
				BFAFB7AB2353D45A008249FC /* Classes */,
				BF1ABC7D234E78090095E5DC /* Assets.xcassets */,
				BF1ABC7F234E78090095E5DC /* Main.storyboard */,
				BF1ABC82234E78090095E5DC /* Info.plist */,
				BF1ABC83234E78090095E5DC /* Portals_in_Cupertino.entitlements */,
				BFBDCF5323538DBD005A5E20 /* Tilemap.sks */,
				BFD9E16E235A552900FD688E /* VaporizeTest.sks */,
			);
			path = "Portals in Cupertino";
			sourceTree = "<group>";
		};
		BF79949A235661A0006F95C3 /* App */ = {
			isa = PBXGroup;
			children = (
				BF1ABC73234E78040095E5DC /* AppDelegate.swift */,
				BF1ABC7B234E78040095E5DC /* ViewController.swift */,
			);
			path = App;
			sourceTree = "<group>";
		};
		BF79949B23566220006F95C3 /* Test Elements */ = {
			isa = PBXGroup;
			children = (
				BF7994A02356659D006F95C3 /* Base Elements */,
				BF79949823565F1E006F95C3 /* TestWeightedButtonElement.swift */,
				BF7994A3235667F6006F95C3 /* TestAntlineElement.swift */,
				BF7994A523566BD7006F95C3 /* TestDoorElement.swift */,
				BF286CE42358B2F300542A19 /* TestWeightedStorageCubeElement.swift */,
				BFD9E167235A1CF700FD688E /* TestPedestalButtonElement.swift */,
				BFD9E169235A38ED00FD688E /* TestCubeSpawnerElement.swift */,
				BFD2A759235B8E4C005D00EC /* TestGooElement.swift */,
			);
			path = "Test Elements";
			sourceTree = "<group>";
		};
		BF7994A02356659D006F95C3 /* Base Elements */ = {
			isa = PBXGroup;
			children = (
				BF0DA30C2354E8D1005A4A26 /* TestInputElement.swift */,
				BF79949C2356628F006F95C3 /* TestOutputElement.swift */,
				BFC272E52357794600139E30 /* TestWeightedElement.swift */,
				BFD2A757235B8AF8005D00EC /* TestDeadlyElement.swift */,
			);
			path = "Base Elements";
			sourceTree = "<group>";
		};
		BFAFB7AA2353D44C008249FC /* Testchambers */ = {
			isa = PBXGroup;
			children = (
				BF5C17D1235398500026C1C2 /* Sample.sks */,
			);
			path = Testchambers;
			sourceTree = "<group>";
		};
		BFAFB7AB2353D45A008249FC /* Classes */ = {
			isa = PBXGroup;
			children = (
				BFAFB7A82353C9D0008249FC /* TestchamberScene.swift */,
				BFD2A767235CD01D005D00EC /* Scenes */,
				BF79949B23566220006F95C3 /* Test Elements */,
				BF79949A235661A0006F95C3 /* App */,
				98613EF92354E116005CBA66 /* Player.swift */,
			);
			path = Classes;
			sourceTree = "<group>";
		};
		BFAFB7AC2354117E008249FC /* Enums */ = {
			isa = PBXGroup;
			children = (
				BF0DA30E2354F617005A4A26 /* TestElement.swift */,
				BF0DA31023550FED005A4A26 /* TestInputTypes.swift */,
				BF1968F523556B23004E25B0 /* AntlineType.swift */,
			);
			path = Enums;
			sourceTree = "<group>";
		};
		BFD2A761235CCA34005D00EC /* User Interface */ = {
			isa = PBXGroup;
			children = (
				BFD2A763235CCA5F005D00EC /* Dead.sks */,
			);
			path = "User Interface";
			sourceTree = "<group>";
		};
		BFD2A762235CCA41005D00EC /* Scenes */ = {
			isa = PBXGroup;
			children = (
				BFAFB7AA2353D44C008249FC /* Testchambers */,
				BFD2A761235CCA34005D00EC /* User Interface */,
			);
			path = Scenes;
			sourceTree = "<group>";
		};
		BFD2A767235CD01D005D00EC /* Scenes */ = {
			isa = PBXGroup;
			children = (
				BFD2A765235CCD67005D00EC /* UIScene.swift */,
				BFD2A768235CD02D005D00EC /* DeadUIScene.swift */,
			);
			path = Scenes;
			sourceTree = "<group>";
		};
		BFD9E16B235A545400FD688E /* Actions */ = {
			isa = PBXGroup;
			children = (
				BFD9E16C235A546300FD688E /* Vaporize.sks */,
			);
			path = Actions;
			sourceTree = "<group>";
		};
/* End PBXGroup section */

/* Begin PBXNativeTarget section */
		BF1ABC6F234E78040095E5DC /* Portals in Cupertino */ = {
			isa = PBXNativeTarget;
			buildConfigurationList = BF1ABC86234E78090095E5DC /* Build configuration list for PBXNativeTarget "Portals in Cupertino" */;
			buildPhases = (
				BF1ABC6C234E78040095E5DC /* Sources */,
				BF1ABC6D234E78040095E5DC /* Frameworks */,
				BF1ABC6E234E78040095E5DC /* Resources */,
			);
			buildRules = (
			);
			dependencies = (
			);
			name = "Portals in Cupertino";
			productName = "Portals in Cupertino";
			productReference = BF1ABC70234E78040095E5DC /* Portals in Cupertino.app */;
			productType = "com.apple.product-type.application";
		};
/* End PBXNativeTarget section */

/* Begin PBXProject section */
		BF1ABC68234E78040095E5DC /* Project object */ = {
			isa = PBXProject;
			attributes = {
				LastSwiftUpdateCheck = 1110;
				LastUpgradeCheck = 1110;
				ORGANIZATIONNAME = "Marquis Kurt";
				TargetAttributes = {
					BF1ABC6F234E78040095E5DC = {
						CreatedOnToolsVersion = 11.1;
					};
				};
			};
			buildConfigurationList = BF1ABC6B234E78040095E5DC /* Build configuration list for PBXProject "Portals in Cupertino" */;
			compatibilityVersion = "Xcode 9.3";
			developmentRegion = en;
			hasScannedForEncodings = 0;
			knownRegions = (
				en,
				Base,
			);
			mainGroup = BF1ABC67234E78040095E5DC;
			productRefGroup = BF1ABC71234E78040095E5DC /* Products */;
			projectDirPath = "";
			projectRoot = "";
			targets = (
				BF1ABC6F234E78040095E5DC /* Portals in Cupertino */,
			);
		};
/* End PBXProject section */

/* Begin PBXResourcesBuildPhase section */
		BF1ABC6E234E78040095E5DC /* Resources */ = {
			isa = PBXResourcesBuildPhase;
			buildActionMask = 2147483647;
			files = (
				BFD2A764235CCA5F005D00EC /* Dead.sks in Resources */,
				BFD9E16D235A546300FD688E /* Vaporize.sks in Resources */,
				BF1ABC8C234E78D50095E5DC /* README.md in Resources */,
				BF1ABC7E234E78090095E5DC /* Assets.xcassets in Resources */,
				BFBDCF5423538DBD005A5E20 /* Tilemap.sks in Resources */,
				BF1ABC8B234E78D50095E5DC /* CONTRIBUTING.md in Resources */,
				BF5C17D2235398500026C1C2 /* Sample.sks in Resources */,
				BF1ABC81234E78090095E5DC /* Main.storyboard in Resources */,
				BFD9E16F235A552900FD688E /* VaporizeTest.sks in Resources */,
			);
			runOnlyForDeploymentPostprocessing = 0;
		};
/* End PBXResourcesBuildPhase section */

/* Begin PBXSourcesBuildPhase section */
		BF1ABC6C234E78040095E5DC /* Sources */ = {
			isa = PBXSourcesBuildPhase;
			buildActionMask = 2147483647;
			files = (
				BF0DA30F2354F617005A4A26 /* TestElement.swift in Sources */,
				BF1ABC7C234E78040095E5DC /* ViewController.swift in Sources */,
				BFD9E168235A1CF700FD688E /* TestPedestalButtonElement.swift in Sources */,
				BFD2A758235B8AF8005D00EC /* TestDeadlyElement.swift in Sources */,
				BF79949D2356628F006F95C3 /* TestOutputElement.swift in Sources */,
				BFD9E16A235A38ED00FD688E /* TestCubeSpawnerElement.swift in Sources */,
				BFC272E62357794600139E30 /* TestWeightedElement.swift in Sources */,
				BFAFB7A92353C9D0008249FC /* TestchamberScene.swift in Sources */,
				BF7994A4235667F6006F95C3 /* TestAntlineElement.swift in Sources */,
				BF286CE52358B2F300542A19 /* TestWeightedStorageCubeElement.swift in Sources */,
				BF0DA30D2354E8D1005A4A26 /* TestInputElement.swift in Sources */,
				BF1968F623556B23004E25B0 /* AntlineType.swift in Sources */,
				BFD2A766235CCD67005D00EC /* UIScene.swift in Sources */,
				BFD2A75A235B8E4C005D00EC /* TestGooElement.swift in Sources */,
				BF79949923565F1E006F95C3 /* TestWeightedButtonElement.swift in Sources */,
				BFD2A769235CD02D005D00EC /* DeadUIScene.swift in Sources */,
				BF0DA31123550FED005A4A26 /* TestInputTypes.swift in Sources */,
				BF1968F923556B5A004E25B0 /* Testchamber.swift in Sources */,
				BF7994A623566BD7006F95C3 /* TestDoorElement.swift in Sources */,
				98613EFA2354E116005CBA66 /* Player.swift in Sources */,
				BF1ABC74234E78040095E5DC /* AppDelegate.swift in Sources */,
			);
			runOnlyForDeploymentPostprocessing = 0;
		};
/* End PBXSourcesBuildPhase section */

/* Begin PBXVariantGroup section */
		BF1ABC7F234E78090095E5DC /* Main.storyboard */ = {
			isa = PBXVariantGroup;
			children = (
				BF1ABC80234E78090095E5DC /* Base */,
			);
			name = Main.storyboard;
			sourceTree = "<group>";
		};
/* End PBXVariantGroup section */

/* Begin XCBuildConfiguration section */
		BF1ABC84234E78090095E5DC /* Debug */ = {
			isa = XCBuildConfiguration;
			buildSettings = {
				ALWAYS_SEARCH_USER_PATHS = NO;
				CLANG_ANALYZER_NONNULL = YES;
				CLANG_ANALYZER_NUMBER_OBJECT_CONVERSION = YES_AGGRESSIVE;
				CLANG_CXX_LANGUAGE_STANDARD = "gnu++14";
				CLANG_CXX_LIBRARY = "libc++";
				CLANG_ENABLE_MODULES = YES;
				CLANG_ENABLE_OBJC_ARC = YES;
				CLANG_ENABLE_OBJC_WEAK = YES;
				CLANG_WARN_BLOCK_CAPTURE_AUTORELEASING = YES;
				CLANG_WARN_BOOL_CONVERSION = YES;
				CLANG_WARN_COMMA = YES;
				CLANG_WARN_CONSTANT_CONVERSION = YES;
				CLANG_WARN_DEPRECATED_OBJC_IMPLEMENTATIONS = YES;
				CLANG_WARN_DIRECT_OBJC_ISA_USAGE = YES_ERROR;
				CLANG_WARN_DOCUMENTATION_COMMENTS = YES;
				CLANG_WARN_EMPTY_BODY = YES;
				CLANG_WARN_ENUM_CONVERSION = YES;
				CLANG_WARN_INFINITE_RECURSION = YES;
				CLANG_WARN_INT_CONVERSION = YES;
				CLANG_WARN_NON_LITERAL_NULL_CONVERSION = YES;
				CLANG_WARN_OBJC_IMPLICIT_RETAIN_SELF = YES;
				CLANG_WARN_OBJC_LITERAL_CONVERSION = YES;
				CLANG_WARN_OBJC_ROOT_CLASS = YES_ERROR;
				CLANG_WARN_RANGE_LOOP_ANALYSIS = YES;
				CLANG_WARN_STRICT_PROTOTYPES = YES;
				CLANG_WARN_SUSPICIOUS_MOVE = YES;
				CLANG_WARN_UNGUARDED_AVAILABILITY = YES_AGGRESSIVE;
				CLANG_WARN_UNREACHABLE_CODE = YES;
				CLANG_WARN__DUPLICATE_METHOD_MATCH = YES;
				COPY_PHASE_STRIP = NO;
				DEBUG_INFORMATION_FORMAT = dwarf;
				ENABLE_STRICT_OBJC_MSGSEND = YES;
				ENABLE_TESTABILITY = YES;
				GCC_C_LANGUAGE_STANDARD = gnu11;
				GCC_DYNAMIC_NO_PIC = NO;
				GCC_NO_COMMON_BLOCKS = YES;
				GCC_OPTIMIZATION_LEVEL = 0;
				GCC_PREPROCESSOR_DEFINITIONS = (
					"DEBUG=1",
					"$(inherited)",
				);
				GCC_WARN_64_TO_32_BIT_CONVERSION = YES;
				GCC_WARN_ABOUT_RETURN_TYPE = YES_ERROR;
				GCC_WARN_UNDECLARED_SELECTOR = YES;
				GCC_WARN_UNINITIALIZED_AUTOS = YES_AGGRESSIVE;
				GCC_WARN_UNUSED_FUNCTION = YES;
				GCC_WARN_UNUSED_VARIABLE = YES;
				MACOSX_DEPLOYMENT_TARGET = 10.15;
				MTL_ENABLE_DEBUG_INFO = INCLUDE_SOURCE;
				MTL_FAST_MATH = YES;
				ONLY_ACTIVE_ARCH = YES;
				SDKROOT = macosx;
				SWIFT_ACTIVE_COMPILATION_CONDITIONS = DEBUG;
				SWIFT_OPTIMIZATION_LEVEL = "-Onone";
			};
			name = Debug;
		};
		BF1ABC85234E78090095E5DC /* Release */ = {
			isa = XCBuildConfiguration;
			buildSettings = {
				ALWAYS_SEARCH_USER_PATHS = NO;
				CLANG_ANALYZER_NONNULL = YES;
				CLANG_ANALYZER_NUMBER_OBJECT_CONVERSION = YES_AGGRESSIVE;
				CLANG_CXX_LANGUAGE_STANDARD = "gnu++14";
				CLANG_CXX_LIBRARY = "libc++";
				CLANG_ENABLE_MODULES = YES;
				CLANG_ENABLE_OBJC_ARC = YES;
				CLANG_ENABLE_OBJC_WEAK = YES;
				CLANG_WARN_BLOCK_CAPTURE_AUTORELEASING = YES;
				CLANG_WARN_BOOL_CONVERSION = YES;
				CLANG_WARN_COMMA = YES;
				CLANG_WARN_CONSTANT_CONVERSION = YES;
				CLANG_WARN_DEPRECATED_OBJC_IMPLEMENTATIONS = YES;
				CLANG_WARN_DIRECT_OBJC_ISA_USAGE = YES_ERROR;
				CLANG_WARN_DOCUMENTATION_COMMENTS = YES;
				CLANG_WARN_EMPTY_BODY = YES;
				CLANG_WARN_ENUM_CONVERSION = YES;
				CLANG_WARN_INFINITE_RECURSION = YES;
				CLANG_WARN_INT_CONVERSION = YES;
				CLANG_WARN_NON_LITERAL_NULL_CONVERSION = YES;
				CLANG_WARN_OBJC_IMPLICIT_RETAIN_SELF = YES;
				CLANG_WARN_OBJC_LITERAL_CONVERSION = YES;
				CLANG_WARN_OBJC_ROOT_CLASS = YES_ERROR;
				CLANG_WARN_RANGE_LOOP_ANALYSIS = YES;
				CLANG_WARN_STRICT_PROTOTYPES = YES;
				CLANG_WARN_SUSPICIOUS_MOVE = YES;
				CLANG_WARN_UNGUARDED_AVAILABILITY = YES_AGGRESSIVE;
				CLANG_WARN_UNREACHABLE_CODE = YES;
				CLANG_WARN__DUPLICATE_METHOD_MATCH = YES;
				COPY_PHASE_STRIP = NO;
				DEBUG_INFORMATION_FORMAT = "dwarf-with-dsym";
				ENABLE_NS_ASSERTIONS = NO;
				ENABLE_STRICT_OBJC_MSGSEND = YES;
				GCC_C_LANGUAGE_STANDARD = gnu11;
				GCC_NO_COMMON_BLOCKS = YES;
				GCC_WARN_64_TO_32_BIT_CONVERSION = YES;
				GCC_WARN_ABOUT_RETURN_TYPE = YES_ERROR;
				GCC_WARN_UNDECLARED_SELECTOR = YES;
				GCC_WARN_UNINITIALIZED_AUTOS = YES_AGGRESSIVE;
				GCC_WARN_UNUSED_FUNCTION = YES;
				GCC_WARN_UNUSED_VARIABLE = YES;
				MACOSX_DEPLOYMENT_TARGET = 10.15;
				MTL_ENABLE_DEBUG_INFO = NO;
				MTL_FAST_MATH = YES;
				SDKROOT = macosx;
				SWIFT_COMPILATION_MODE = wholemodule;
				SWIFT_OPTIMIZATION_LEVEL = "-O";
			};
			name = Release;
		};
		BF1ABC87234E78090095E5DC /* Debug */ = {
			isa = XCBuildConfiguration;
			buildSettings = {
				ASSETCATALOG_COMPILER_APPICON_NAME = AppIcon;
				CODE_SIGN_ENTITLEMENTS = "Portals in Cupertino/Portals_in_Cupertino.entitlements";
				CODE_SIGN_STYLE = Manual;
				COMBINE_HIDPI_IMAGES = YES;
				DEVELOPMENT_TEAM = "";
				ENABLE_HARDENED_RUNTIME = YES;
				INFOPLIST_FILE = "Portals in Cupertino/Info.plist";
				LD_RUNPATH_SEARCH_PATHS = (
					"$(inherited)",
					"@executable_path/../Frameworks",
				);
				PRODUCT_BUNDLE_IDENTIFIER = net.marquiskurt.portaljam;
				PRODUCT_NAME = "$(TARGET_NAME)";
				PROVISIONING_PROFILE_SPECIFIER = "";
				SWIFT_VERSION = 5.0;
			};
			name = Debug;
		};
		BF1ABC88234E78090095E5DC /* Release */ = {
			isa = XCBuildConfiguration;
			buildSettings = {
				ASSETCATALOG_COMPILER_APPICON_NAME = AppIcon;
				CODE_SIGN_ENTITLEMENTS = "Portals in Cupertino/Portals_in_Cupertino.entitlements";
				CODE_SIGN_STYLE = Manual;
				COMBINE_HIDPI_IMAGES = YES;
				DEVELOPMENT_TEAM = "";
				ENABLE_HARDENED_RUNTIME = YES;
				INFOPLIST_FILE = "Portals in Cupertino/Info.plist";
				LD_RUNPATH_SEARCH_PATHS = (
					"$(inherited)",
					"@executable_path/../Frameworks",
				);
				PRODUCT_BUNDLE_IDENTIFIER = net.marquiskurt.portaljam;
				PRODUCT_NAME = "$(TARGET_NAME)";
				PROVISIONING_PROFILE_SPECIFIER = "";
				SWIFT_VERSION = 5.0;
			};
			name = Release;
		};
/* End XCBuildConfiguration section */

/* Begin XCConfigurationList section */
		BF1ABC6B234E78040095E5DC /* Build configuration list for PBXProject "Portals in Cupertino" */ = {
			isa = XCConfigurationList;
			buildConfigurations = (
				BF1ABC84234E78090095E5DC /* Debug */,
				BF1ABC85234E78090095E5DC /* Release */,
			);
			defaultConfigurationIsVisible = 0;
			defaultConfigurationName = Release;
		};
		BF1ABC86234E78090095E5DC /* Build configuration list for PBXNativeTarget "Portals in Cupertino" */ = {
			isa = XCConfigurationList;
			buildConfigurations = (
				BF1ABC87234E78090095E5DC /* Debug */,
				BF1ABC88234E78090095E5DC /* Release */,
			);
			defaultConfigurationIsVisible = 0;
			defaultConfigurationName = Release;
		};
/* End XCConfigurationList section */
	};
	rootObject = BF1ABC68234E78040095E5DC /* Project object */;
}
