// !$*UTF8*$!
{
	archiveVersion = 1;
	classes = {
	};
	objectVersion = 50;
	objects = {

/* Begin PBXBuildFile section */
		BF0DA30F2354F617005A4A26 /* TestElement.swift in Sources */ = {isa = PBXBuildFile; fileRef = BF0DA30E2354F617005A4A26 /* TestElement.swift */; };
		BF1ABC74234E78040095E5DC /* AppDelegate.swift in Sources */ = {isa = PBXBuildFile; fileRef = BF1ABC73234E78040095E5DC /* AppDelegate.swift */; };
		BF1ABC7A234E78040095E5DC /* GameScene.swift in Sources */ = {isa = PBXBuildFile; fileRef = BF1ABC79234E78040095E5DC /* GameScene.swift */; };
		BF1ABC7C234E78040095E5DC /* ViewController.swift in Sources */ = {isa = PBXBuildFile; fileRef = BF1ABC7B234E78040095E5DC /* ViewController.swift */; };
		BF1ABC7E234E78090095E5DC /* Assets.xcassets in Resources */ = {isa = PBXBuildFile; fileRef = BF1ABC7D234E78090095E5DC /* Assets.xcassets */; };
		BF1ABC81234E78090095E5DC /* Main.storyboard in Resources */ = {isa = PBXBuildFile; fileRef = BF1ABC7F234E78090095E5DC /* Main.storyboard */; };
		BF1ABC8B234E78D50095E5DC /* CONTRIBUTING.md in Resources */ = {isa = PBXBuildFile; fileRef = BF1ABC89234E78D50095E5DC /* CONTRIBUTING.md */; };
		BF1ABC8C234E78D50095E5DC /* README.md in Resources */ = {isa = PBXBuildFile; fileRef = BF1ABC8A234E78D50095E5DC /* README.md */; };
		BF5C17D2235398500026C1C2 /* Sample.sks in Resources */ = {isa = PBXBuildFile; fileRef = BF5C17D1235398500026C1C2 /* Sample.sks */; };
		BFAFB7A92353C9D0008249FC /* TestchamberScene.swift in Sources */ = {isa = PBXBuildFile; fileRef = BFAFB7A82353C9D0008249FC /* TestchamberScene.swift */; };
		BFBDCF5423538DBD005A5E20 /* PortalElements.sks in Resources */ = {isa = PBXBuildFile; fileRef = BFBDCF5323538DBD005A5E20 /* PortalElements.sks */; };
/* End PBXBuildFile section */

/* Begin PBXFileReference section */
		BF0DA30E2354F617005A4A26 /* TestElement.swift */ = {isa = PBXFileReference; lastKnownFileType = sourcecode.swift; path = TestElement.swift; sourceTree = "<group>"; };
		BF1ABC70234E78040095E5DC /* Portals in Cupertino.app */ = {isa = PBXFileReference; explicitFileType = wrapper.application; includeInIndex = 0; path = "Portals in Cupertino.app"; sourceTree = BUILT_PRODUCTS_DIR; };
		BF1ABC73234E78040095E5DC /* AppDelegate.swift */ = {isa = PBXFileReference; lastKnownFileType = sourcecode.swift; path = AppDelegate.swift; sourceTree = "<group>"; };
		BF1ABC79234E78040095E5DC /* GameScene.swift */ = {isa = PBXFileReference; lastKnownFileType = sourcecode.swift; path = GameScene.swift; sourceTree = "<group>"; };
		BF1ABC7B234E78040095E5DC /* ViewController.swift */ = {isa = PBXFileReference; lastKnownFileType = sourcecode.swift; path = ViewController.swift; sourceTree = "<group>"; };
		BF1ABC7D234E78090095E5DC /* Assets.xcassets */ = {isa = PBXFileReference; lastKnownFileType = folder.assetcatalog; path = Assets.xcassets; sourceTree = "<group>"; };
		BF1ABC80234E78090095E5DC /* Base */ = {isa = PBXFileReference; lastKnownFileType = file.storyboard; name = Base; path = Base.lproj/Main.storyboard; sourceTree = "<group>"; };
		BF1ABC82234E78090095E5DC /* Info.plist */ = {isa = PBXFileReference; lastKnownFileType = text.plist.xml; path = Info.plist; sourceTree = "<group>"; };
		BF1ABC83234E78090095E5DC /* Portals_in_Cupertino.entitlements */ = {isa = PBXFileReference; lastKnownFileType = text.plist.entitlements; path = Portals_in_Cupertino.entitlements; sourceTree = "<group>"; };
		BF1ABC89234E78D50095E5DC /* CONTRIBUTING.md */ = {isa = PBXFileReference; fileEncoding = 4; lastKnownFileType = net.daringfireball.markdown; path = CONTRIBUTING.md; sourceTree = "<group>"; };
		BF1ABC8A234E78D50095E5DC /* README.md */ = {isa = PBXFileReference; fileEncoding = 4; lastKnownFileType = net.daringfireball.markdown; path = README.md; sourceTree = "<group>"; };
		BF5C17D1235398500026C1C2 /* Sample.sks */ = {isa = PBXFileReference; lastKnownFileType = file.sks; path = Sample.sks; sourceTree = "<group>"; };
		BFAFB7A82353C9D0008249FC /* TestchamberScene.swift */ = {isa = PBXFileReference; lastKnownFileType = sourcecode.swift; path = TestchamberScene.swift; sourceTree = "<group>"; };
		BFBDCF5323538DBD005A5E20 /* PortalElements.sks */ = {isa = PBXFileReference; lastKnownFileType = file.sks; path = PortalElements.sks; sourceTree = "<group>"; };
/* End PBXFileReference section */

/* Begin PBXFrameworksBuildPhase section */
		BF1ABC6D234E78040095E5DC /* Frameworks */ = {
			isa = PBXFrameworksBuildPhase;
			buildActionMask = 2147483647;
			files = (
			);
			runOnlyForDeploymentPostprocessing = 0;
		};
/* End PBXFrameworksBuildPhase section */

/* Begin PBXGroup section */
		BF1ABC67234E78040095E5DC = {
			isa = PBXGroup;
			children = (
				BF1ABC89234E78D50095E5DC /* CONTRIBUTING.md */,
				BF1ABC8A234E78D50095E5DC /* README.md */,
				BF1ABC72234E78040095E5DC /* Portals in Cupertino */,
				BF1ABC71234E78040095E5DC /* Products */,
			);
			sourceTree = "<group>";
		};
		BF1ABC71234E78040095E5DC /* Products */ = {
			isa = PBXGroup;
			children = (
				BF1ABC70234E78040095E5DC /* Portals in Cupertino.app */,
			);
			name = Products;
			sourceTree = "<group>";
		};
		BF1ABC72234E78040095E5DC /* Portals in Cupertino */ = {
			isa = PBXGroup;
			children = (
				BFAFB7AC2354117E008249FC /* Enums */,
				BFAFB7AB2353D45A008249FC /* Classes */,
				BFAFB7AA2353D44C008249FC /* Testchambers */,
				BF1ABC7D234E78090095E5DC /* Assets.xcassets */,
				BF1ABC7F234E78090095E5DC /* Main.storyboard */,
				BF1ABC82234E78090095E5DC /* Info.plist */,
				BF1ABC83234E78090095E5DC /* Portals_in_Cupertino.entitlements */,
				BFBDCF5323538DBD005A5E20 /* PortalElements.sks */,
			);
			path = "Portals in Cupertino";
			sourceTree = "<group>";
		};
		BFAFB7AA2353D44C008249FC /* Testchambers */ = {
			isa = PBXGroup;
			children = (
				BF5C17D1235398500026C1C2 /* Sample.sks */,
			);
			path = Testchambers;
			sourceTree = "<group>";
		};
		BFAFB7AB2353D45A008249FC /* Classes */ = {
			isa = PBXGroup;
			children = (
				BFAFB7A82353C9D0008249FC /* TestchamberScene.swift */,
				BF1ABC73234E78040095E5DC /* AppDelegate.swift */,
				BF1ABC79234E78040095E5DC /* GameScene.swift */,
				BF1ABC7B234E78040095E5DC /* ViewController.swift */,
			);
			path = Classes;
			sourceTree = "<group>";
		};
		BFAFB7AC2354117E008249FC /* Enums */ = {
			isa = PBXGroup;
			children = (
				BF0DA30E2354F617005A4A26 /* TestElement.swift */,
			);
			path = Enums;
			sourceTree = "<group>";
		};
/* End PBXGroup section */

/* Begin PBXNativeTarget section */
		BF1ABC6F234E78040095E5DC /* Portals in Cupertino */ = {
			isa = PBXNativeTarget;
			buildConfigurationList = BF1ABC86234E78090095E5DC /* Build configuration list for PBXNativeTarget "Portals in Cupertino" */;
			buildPhases = (
				BF1ABC6C234E78040095E5DC /* Sources */,
				BF1ABC6D234E78040095E5DC /* Frameworks */,
				BF1ABC6E234E78040095E5DC /* Resources */,
			);
			buildRules = (
			);
			dependencies = (
			);
			name = "Portals in Cupertino";
			productName = "Portals in Cupertino";
			productReference = BF1ABC70234E78040095E5DC /* Portals in Cupertino.app */;
			productType = "com.apple.product-type.application";
		};
/* End PBXNativeTarget section */

/* Begin PBXProject section */
		BF1ABC68234E78040095E5DC /* Project object */ = {
			isa = PBXProject;
			attributes = {
				LastSwiftUpdateCheck = 1110;
				LastUpgradeCheck = 1110;
				ORGANIZATIONNAME = "Marquis Kurt";
				TargetAttributes = {
					BF1ABC6F234E78040095E5DC = {
						CreatedOnToolsVersion = 11.1;
					};
				};
			};
			buildConfigurationList = BF1ABC6B234E78040095E5DC /* Build configuration list for PBXProject "Portals in Cupertino" */;
			compatibilityVersion = "Xcode 9.3";
			developmentRegion = en;
			hasScannedForEncodings = 0;
			knownRegions = (
				en,
				Base,
			);
			mainGroup = BF1ABC67234E78040095E5DC;
			productRefGroup = BF1ABC71234E78040095E5DC /* Products */;
			projectDirPath = "";
			projectRoot = "";
			targets = (
				BF1ABC6F234E78040095E5DC /* Portals in Cupertino */,
			);
		};
/* End PBXProject section */

/* Begin PBXResourcesBuildPhase section */
		BF1ABC6E234E78040095E5DC /* Resources */ = {
			isa = PBXResourcesBuildPhase;
			buildActionMask = 2147483647;
			files = (
				BF1ABC8C234E78D50095E5DC /* README.md in Resources */,
				BF1ABC7E234E78090095E5DC /* Assets.xcassets in Resources */,
				BFBDCF5423538DBD005A5E20 /* PortalElements.sks in Resources */,
				BF1ABC8B234E78D50095E5DC /* CONTRIBUTING.md in Resources */,
				BF5C17D2235398500026C1C2 /* Sample.sks in Resources */,
				BF1ABC81234E78090095E5DC /* Main.storyboard in Resources */,
			);
			runOnlyForDeploymentPostprocessing = 0;
		};
/* End PBXResourcesBuildPhase section */

/* Begin PBXSourcesBuildPhase section */
		BF1ABC6C234E78040095E5DC /* Sources */ = {
			isa = PBXSourcesBuildPhase;
			buildActionMask = 2147483647;
			files = (
				BF0DA30F2354F617005A4A26 /* TestElement.swift in Sources */,
				BF1ABC7C234E78040095E5DC /* ViewController.swift in Sources */,
				BFAFB7A92353C9D0008249FC /* TestchamberScene.swift in Sources */,
				BF1ABC7A234E78040095E5DC /* GameScene.swift in Sources */,
				BF1ABC74234E78040095E5DC /* AppDelegate.swift in Sources */,
			);
			runOnlyForDeploymentPostprocessing = 0;
		};
/* End PBXSourcesBuildPhase section */

/* Begin PBXVariantGroup section */
		BF1ABC7F234E78090095E5DC /* Main.storyboard */ = {
			isa = PBXVariantGroup;
			children = (
				BF1ABC80234E78090095E5DC /* Base */,
			);
			name = Main.storyboard;
			sourceTree = "<group>";
		};
/* End PBXVariantGroup section */

/* Begin XCBuildConfiguration section */
		BF1ABC84234E78090095E5DC /* Debug */ = {
			isa = XCBuildConfiguration;
			buildSettings = {
				ALWAYS_SEARCH_USER_PATHS = NO;
				CLANG_ANALYZER_NONNULL = YES;
				CLANG_ANALYZER_NUMBER_OBJECT_CONVERSION = YES_AGGRESSIVE;
				CLANG_CXX_LANGUAGE_STANDARD = "gnu++14";
				CLANG_CXX_LIBRARY = "libc++";
				CLANG_ENABLE_MODULES = YES;
				CLANG_ENABLE_OBJC_ARC = YES;
				CLANG_ENABLE_OBJC_WEAK = YES;
				CLANG_WARN_BLOCK_CAPTURE_AUTORELEASING = YES;
				CLANG_WARN_BOOL_CONVERSION = YES;
				CLANG_WARN_COMMA = YES;
				CLANG_WARN_CONSTANT_CONVERSION = YES;
				CLANG_WARN_DEPRECATED_OBJC_IMPLEMENTATIONS = YES;
				CLANG_WARN_DIRECT_OBJC_ISA_USAGE = YES_ERROR;
				CLANG_WARN_DOCUMENTATION_COMMENTS = YES;
				CLANG_WARN_EMPTY_BODY = YES;
				CLANG_WARN_ENUM_CONVERSION = YES;
				CLANG_WARN_INFINITE_RECURSION = YES;
				CLANG_WARN_INT_CONVERSION = YES;
				CLANG_WARN_NON_LITERAL_NULL_CONVERSION = YES;
				CLANG_WARN_OBJC_IMPLICIT_RETAIN_SELF = YES;
				CLANG_WARN_OBJC_LITERAL_CONVERSION = YES;
				CLANG_WARN_OBJC_ROOT_CLASS = YES_ERROR;
				CLANG_WARN_RANGE_LOOP_ANALYSIS = YES;
				CLANG_WARN_STRICT_PROTOTYPES = YES;
				CLANG_WARN_SUSPICIOUS_MOVE = YES;
				CLANG_WARN_UNGUARDED_AVAILABILITY = YES_AGGRESSIVE;
				CLANG_WARN_UNREACHABLE_CODE = YES;
				CLANG_WARN__DUPLICATE_METHOD_MATCH = YES;
				COPY_PHASE_STRIP = NO;
				DEBUG_INFORMATION_FORMAT = dwarf;
				ENABLE_STRICT_OBJC_MSGSEND = YES;
				ENABLE_TESTABILITY = YES;
				GCC_C_LANGUAGE_STANDARD = gnu11;
				GCC_DYNAMIC_NO_PIC = NO;
				GCC_NO_COMMON_BLOCKS = YES;
				GCC_OPTIMIZATION_LEVEL = 0;
				GCC_PREPROCESSOR_DEFINITIONS = (
					"DEBUG=1",
					"$(inherited)",
				);
				GCC_WARN_64_TO_32_BIT_CONVERSION = YES;
				GCC_WARN_ABOUT_RETURN_TYPE = YES_ERROR;
				GCC_WARN_UNDECLARED_SELECTOR = YES;
				GCC_WARN_UNINITIALIZED_AUTOS = YES_AGGRESSIVE;
				GCC_WARN_UNUSED_FUNCTION = YES;
				GCC_WARN_UNUSED_VARIABLE = YES;
				MACOSX_DEPLOYMENT_TARGET = 10.15;
				MTL_ENABLE_DEBUG_INFO = INCLUDE_SOURCE;
				MTL_FAST_MATH = YES;
				ONLY_ACTIVE_ARCH = YES;
				SDKROOT = macosx;
				SWIFT_ACTIVE_COMPILATION_CONDITIONS = DEBUG;
				SWIFT_OPTIMIZATION_LEVEL = "-Onone";
			};
			name = Debug;
		};
		BF1ABC85234E78090095E5DC /* Release */ = {
			isa = XCBuildConfiguration;
			buildSettings = {
				ALWAYS_SEARCH_USER_PATHS = NO;
				CLANG_ANALYZER_NONNULL = YES;
				CLANG_ANALYZER_NUMBER_OBJECT_CONVERSION = YES_AGGRESSIVE;
				CLANG_CXX_LANGUAGE_STANDARD = "gnu++14";
				CLANG_CXX_LIBRARY = "libc++";
				CLANG_ENABLE_MODULES = YES;
				CLANG_ENABLE_OBJC_ARC = YES;
				CLANG_ENABLE_OBJC_WEAK = YES;
				CLANG_WARN_BLOCK_CAPTURE_AUTORELEASING = YES;
				CLANG_WARN_BOOL_CONVERSION = YES;
				CLANG_WARN_COMMA = YES;
				CLANG_WARN_CONSTANT_CONVERSION = YES;
				CLANG_WARN_DEPRECATED_OBJC_IMPLEMENTATIONS = YES;
				CLANG_WARN_DIRECT_OBJC_ISA_USAGE = YES_ERROR;
				CLANG_WARN_DOCUMENTATION_COMMENTS = YES;
				CLANG_WARN_EMPTY_BODY = YES;
				CLANG_WARN_ENUM_CONVERSION = YES;
				CLANG_WARN_INFINITE_RECURSION = YES;
				CLANG_WARN_INT_CONVERSION = YES;
				CLANG_WARN_NON_LITERAL_NULL_CONVERSION = YES;
				CLANG_WARN_OBJC_IMPLICIT_RETAIN_SELF = YES;
				CLANG_WARN_OBJC_LITERAL_CONVERSION = YES;
				CLANG_WARN_OBJC_ROOT_CLASS = YES_ERROR;
				CLANG_WARN_RANGE_LOOP_ANALYSIS = YES;
				CLANG_WARN_STRICT_PROTOTYPES = YES;
				CLANG_WARN_SUSPICIOUS_MOVE = YES;
				CLANG_WARN_UNGUARDED_AVAILABILITY = YES_AGGRESSIVE;
				CLANG_WARN_UNREACHABLE_CODE = YES;
				CLANG_WARN__DUPLICATE_METHOD_MATCH = YES;
				COPY_PHASE_STRIP = NO;
				DEBUG_INFORMATION_FORMAT = "dwarf-with-dsym";
				ENABLE_NS_ASSERTIONS = NO;
				ENABLE_STRICT_OBJC_MSGSEND = YES;
				GCC_C_LANGUAGE_STANDARD = gnu11;
				GCC_NO_COMMON_BLOCKS = YES;
				GCC_WARN_64_TO_32_BIT_CONVERSION = YES;
				GCC_WARN_ABOUT_RETURN_TYPE = YES_ERROR;
				GCC_WARN_UNDECLARED_SELECTOR = YES;
				GCC_WARN_UNINITIALIZED_AUTOS = YES_AGGRESSIVE;
				GCC_WARN_UNUSED_FUNCTION = YES;
				GCC_WARN_UNUSED_VARIABLE = YES;
				MACOSX_DEPLOYMENT_TARGET = 10.15;
				MTL_ENABLE_DEBUG_INFO = NO;
				MTL_FAST_MATH = YES;
				SDKROOT = macosx;
				SWIFT_COMPILATION_MODE = wholemodule;
				SWIFT_OPTIMIZATION_LEVEL = "-O";
			};
			name = Release;
		};
		BF1ABC87234E78090095E5DC /* Debug */ = {
			isa = XCBuildConfiguration;
			buildSettings = {
				ASSETCATALOG_COMPILER_APPICON_NAME = AppIcon;
				CODE_SIGN_ENTITLEMENTS = "Portals in Cupertino/Portals_in_Cupertino.entitlements";
				CODE_SIGN_STYLE = Manual;
				COMBINE_HIDPI_IMAGES = YES;
				DEVELOPMENT_TEAM = "";
				ENABLE_HARDENED_RUNTIME = YES;
				INFOPLIST_FILE = "Portals in Cupertino/Info.plist";
				LD_RUNPATH_SEARCH_PATHS = (
					"$(inherited)",
					"@executable_path/../Frameworks",
				);
				PRODUCT_BUNDLE_IDENTIFIER = net.marquiskurt.portaljam;
				PRODUCT_NAME = "$(TARGET_NAME)";
				PROVISIONING_PROFILE_SPECIFIER = "";
				SWIFT_VERSION = 5.0;
			};
			name = Debug;
		};
		BF1ABC88234E78090095E5DC /* Release */ = {
			isa = XCBuildConfiguration;
			buildSettings = {
				ASSETCATALOG_COMPILER_APPICON_NAME = AppIcon;
				CODE_SIGN_ENTITLEMENTS = "Portals in Cupertino/Portals_in_Cupertino.entitlements";
				CODE_SIGN_STYLE = Manual;
				COMBINE_HIDPI_IMAGES = YES;
				DEVELOPMENT_TEAM = "";
				ENABLE_HARDENED_RUNTIME = YES;
				INFOPLIST_FILE = "Portals in Cupertino/Info.plist";
				LD_RUNPATH_SEARCH_PATHS = (
					"$(inherited)",
					"@executable_path/../Frameworks",
				);
				PRODUCT_BUNDLE_IDENTIFIER = net.marquiskurt.portaljam;
				PRODUCT_NAME = "$(TARGET_NAME)";
				PROVISIONING_PROFILE_SPECIFIER = "";
				SWIFT_VERSION = 5.0;
			};
			name = Release;
		};
/* End XCBuildConfiguration section */

/* Begin XCConfigurationList section */
		BF1ABC6B234E78040095E5DC /* Build configuration list for PBXProject "Portals in Cupertino" */ = {
			isa = XCConfigurationList;
			buildConfigurations = (
				BF1ABC84234E78090095E5DC /* Debug */,
				BF1ABC85234E78090095E5DC /* Release */,
			);
			defaultConfigurationIsVisible = 0;
			defaultConfigurationName = Release;
		};
		BF1ABC86234E78090095E5DC /* Build configuration list for PBXNativeTarget "Portals in Cupertino" */ = {
			isa = XCConfigurationList;
			buildConfigurations = (
				BF1ABC87234E78090095E5DC /* Debug */,
				BF1ABC88234E78090095E5DC /* Release */,
			);
			defaultConfigurationIsVisible = 0;
			defaultConfigurationName = Release;
		};
/* End XCConfigurationList section */
	};
	rootObject = BF1ABC68234E78040095E5DC /* Project object */;
}
